
Microsoft Visual Studio Solution File, Format Version 12.00
# Visual Studio Version 17
VisualStudioVersion = 17.5.33530.505
MinimumVisualStudioVersion = 10.0.40219.1
Project("{FAE04EC0-301F-11D3-BF4B-00C04F79EFBC}") = "Week4Loops", "Week4Loops\Week4Loops.csproj", "{D6E2E532-46B7-4981-8DC1-7C2DD1C2CF85}"
EndProject
Project("{FAE04EC0-301F-11D3-BF4B-00C04F79EFBC}") = "ForLoopSum", "ForLoopSum\ForLoopSum.csproj", "{7D7E3BAA-3A87-4411-9EAA-A73A6A92F322}"
EndProject
Project("{FAE04EC0-301F-11D3-BF4B-00C04F79EFBC}") = "RandomNumber", "RandomNumber\RandomNumber.csproj", "{9464D97F-B618-4415-921C-867AD8164BC9}"
EndProject
Project("{FAE04EC0-301F-11D3-BF4B-00C04F79EFBC}") = "WhileLoops", "WhileLoops\WhileLoops.csproj", "{5993A7E0-0554-4FB1-9551-00DE752E86D6}"
EndProject
Global
	GlobalSection(SolutionConfigurationPlatforms) = preSolution
		Debug|Any CPU = Debug|Any CPU
		Release|Any CPU = Release|Any CPU
	EndGlobalSection
	GlobalSection(ProjectConfigurationPlatforms) = postSolution
		{D6E2E532-46B7-4981-8DC1-7C2DD1C2CF85}.Debug|Any CPU.ActiveCfg = Debug|Any CPU
		{D6E2E532-46B7-4981-8DC1-7C2DD1C2CF85}.Debug|Any CPU.Build.0 = Debug|Any CPU
		{D6E2E532-46B7-4981-8DC1-7C2DD1C2CF85}.Release|Any CPU.ActiveCfg = Release|Any CPU
		{D6E2E532-46B7-4981-8DC1-7C2DD1C2CF85}.Release|Any CPU.Build.0 = Release|Any CPU
		{7D7E3BAA-3A87-4411-9EAA-A73A6A92F322}.Debug|Any CPU.ActiveCfg = Debug|Any CPU
		{7D7E3BAA-3A87-4411-9EAA-A73A6A92F322}.Debug|Any CPU.Build.0 = Debug|Any CPU
		{7D7E3BAA-3A87-4411-9EAA-A73A6A92F322}.Release|Any CPU.ActiveCfg = Release|Any CPU
		{7D7E3BAA-3A87-4411-9EAA-A73A6A92F322}.Release|Any CPU.Build.0 = Release|Any CPU
		{9464D97F-B618-4415-921C-867AD8164BC9}.Debug|Any CPU.ActiveCfg = Debug|Any CPU
		{9464D97F-B618-4415-921C-867AD8164BC9}.Debug|Any CPU.Build.0 = Debug|Any CPU
		{9464D97F-B618-4415-921C-867AD8164BC9}.Release|Any CPU.ActiveCfg = Release|Any CPU
		{9464D97F-B618-4415-921C-867AD8164BC9}.Release|Any CPU.Build.0 = Release|Any CPU
		{5993A7E0-0554-4FB1-9551-00DE752E86D6}.Debug|Any CPU.ActiveCfg = Debug|Any CPU
		{5993A7E0-0554-4FB1-9551-00DE752E86D6}.Debug|Any CPU.Build.0 = Debug|Any CPU
		{5993A7E0-0554-4FB1-9551-00DE752E86D6}.Release|Any CPU.ActiveCfg = Release|Any CPU
		{5993A7E0-0554-4FB1-9551-00DE752E86D6}.Release|Any CPU.Build.0 = Release|Any CPU
	EndGlobalSection
	GlobalSection(SolutionProperties) = preSolution
		HideSolutionNode = FALSE
	EndGlobalSection
	GlobalSection(ExtensibilityGlobals) = postSolution
		SolutionGuid = {F12BC9BE-6A27-4D91-809A-4FF99ABE45DF}
	EndGlobalSection
EndGlobal
